// !$*UTF8*$!
{
	archiveVersion = 1;
	classes = {
	};
	objectVersion = 48;
	objects = {

/* Begin PBXBuildFile section */
		B6F9AFD61FEA40600016E546 /* AppDelegate.m in Sources */ = {isa = PBXBuildFile; fileRef = B6F9AFD51FEA40600016E546 /* AppDelegate.m */; };
		B6F9AFD91FEA40600016E546 /* ViewController.m in Sources */ = {isa = PBXBuildFile; fileRef = B6F9AFD81FEA40600016E546 /* ViewController.m */; };
		B6F9AFDC1FEA40600016E546 /* Main.storyboard in Resources */ = {isa = PBXBuildFile; fileRef = B6F9AFDA1FEA40600016E546 /* Main.storyboard */; };
		B6F9AFDE1FEA40600016E546 /* Assets.xcassets in Resources */ = {isa = PBXBuildFile; fileRef = B6F9AFDD1FEA40600016E546 /* Assets.xcassets */; };
		B6F9AFE11FEA40600016E546 /* LaunchScreen.storyboard in Resources */ = {isa = PBXBuildFile; fileRef = B6F9AFDF1FEA40600016E546 /* LaunchScreen.storyboard */; };
		B6F9AFE41FEA40600016E546 /* main.m in Sources */ = {isa = PBXBuildFile; fileRef = B6F9AFE31FEA40600016E546 /* main.m */; };
		B6F9AFED1FEA40820016E546 /* UIViewExt.m in Sources */ = {isa = PBXBuildFile; fileRef = B6F9AFEC1FEA40820016E546 /* UIViewExt.m */; };
/* End PBXBuildFile section */

/* Begin PBXFileReference section */
		B6F9AFD11FEA40600016E546 /* HaiLayout.app */ = {isa = PBXFileReference; explicitFileType = wrapper.application; includeInIndex = 0; path = HaiLayout.app; sourceTree = BUILT_PRODUCTS_DIR; };
		B6F9AFD41FEA40600016E546 /* AppDelegate.h */ = {isa = PBXFileReference; lastKnownFileType = sourcecode.c.h; path = AppDelegate.h; sourceTree = "<group>"; };
		B6F9AFD51FEA40600016E546 /* AppDelegate.m */ = {isa = PBXFileReference; lastKnownFileType = sourcecode.c.objc; path = AppDelegate.m; sourceTree = "<group>"; };
		B6F9AFD71FEA40600016E546 /* ViewController.h */ = {isa = PBXFileReference; lastKnownFileType = sourcecode.c.h; path = ViewController.h; sourceTree = "<group>"; };
		B6F9AFD81FEA40600016E546 /* ViewController.m */ = {isa = PBXFileReference; lastKnownFileType = sourcecode.c.objc; path = ViewController.m; sourceTree = "<group>"; };
		B6F9AFDB1FEA40600016E546 /* Base */ = {isa = PBXFileReference; lastKnownFileType = file.storyboard; name = Base; path = Base.lproj/Main.storyboard; sourceTree = "<group>"; };
		B6F9AFDD1FEA40600016E546 /* Assets.xcassets */ = {isa = PBXFileReference; lastKnownFileType = folder.assetcatalog; path = Assets.xcassets; sourceTree = "<group>"; };
		B6F9AFE01FEA40600016E546 /* Base */ = {isa = PBXFileReference; lastKnownFileType = file.storyboard; name = Base; path = Base.lproj/LaunchScreen.storyboard; sourceTree = "<group>"; };
		B6F9AFE21FEA40600016E546 /* Info.plist */ = {isa = PBXFileReference; lastKnownFileType = text.plist.xml; path = Info.plist; sourceTree = "<group>"; };
		B6F9AFE31FEA40600016E546 /* main.m */ = {isa = PBXFileReference; lastKnownFileType = sourcecode.c.objc; path = main.m; sourceTree = "<group>"; };
		B6F9AFEB1FEA40820016E546 /* UIViewExt.h */ = {isa = PBXFileReference; fileEncoding = 4; lastKnownFileType = sourcecode.c.h; path = UIViewExt.h; sourceTree = "<group>"; };
		B6F9AFEC1FEA40820016E546 /* UIViewExt.m */ = {isa = PBXFileReference; fileEncoding = 4; lastKnownFileType = sourcecode.c.objc; path = UIViewExt.m; sourceTree = "<group>"; };
/* End PBXFileReference section */

/* Begin PBXFrameworksBuildPhase section */
		B6F9AFCE1FEA40600016E546 /* Frameworks */ = {
			isa = PBXFrameworksBuildPhase;
			buildActionMask = 2147483647;
			files = (
			);
			runOnlyForDeploymentPostprocessing = 0;
		};
/* End PBXFrameworksBuildPhase section */

/* Begin PBXGroup section */
		B6F9AFC81FEA40600016E546 = {
			isa = PBXGroup;
			children = (
				B6F9AFD31FEA40600016E546 /* HaiLayout */,
				B6F9AFD21FEA40600016E546 /* Products */,
			);
			sourceTree = "<group>";
		};
		B6F9AFD21FEA40600016E546 /* Products */ = {
			isa = PBXGroup;
			children = (
				B6F9AFD11FEA40600016E546 /* HaiLayout.app */,
			);
			name = Products;
			sourceTree = "<group>";
		};
		B6F9AFD31FEA40600016E546 /* HaiLayout */ = {
			isa = PBXGroup;
			children = (
				B6F9AFD41FEA40600016E546 /* AppDelegate.h */,
				B6F9AFD51FEA40600016E546 /* AppDelegate.m */,
				B6F9AFD71FEA40600016E546 /* ViewController.h */,
				B6F9AFD81FEA40600016E546 /* ViewController.m */,
				B6F9AFEA1FEA40820016E546 /* excetion */,
				B6F9AFDA1FEA40600016E546 /* Main.storyboard */,
				B6F9AFDD1FEA40600016E546 /* Assets.xcassets */,
				B6F9AFDF1FEA40600016E546 /* LaunchScreen.storyboard */,
				B6F9AFE21FEA40600016E546 /* Info.plist */,
				B6F9AFE31FEA40600016E546 /* main.m */,
			);
			path = HaiLayout;
			sourceTree = "<group>";
		};
		B6F9AFEA1FEA40820016E546 /* excetion */ = {
			isa = PBXGroup;
			children = (
				B6F9AFEB1FEA40820016E546 /* UIViewExt.h */,
				B6F9AFEC1FEA40820016E546 /* UIViewExt.m */,
			);
			path = excetion;
			sourceTree = "<group>";
		};
/* End PBXGroup section */

/* Begin PBXNativeTarget section */
		B6F9AFD01FEA40600016E546 /* HaiLayout */ = {
			isa = PBXNativeTarget;
			buildConfigurationList = B6F9AFE71FEA40600016E546 /* Build configuration list for PBXNativeTarget "HaiLayout" */;
			buildPhases = (
				B6F9AFCD1FEA40600016E546 /* Sources */,
				B6F9AFCE1FEA40600016E546 /* Frameworks */,
				B6F9AFCF1FEA40600016E546 /* Resources */,
			);
			buildRules = (
			);
			dependencies = (
			);
			name = HaiLayout;
			productName = HaiLayout;
			productReference = B6F9AFD11FEA40600016E546 /* HaiLayout.app */;
			productType = "com.apple.product-type.application";
		};
/* End PBXNativeTarget section */

/* Begin PBXProject section */
		B6F9AFC91FEA40600016E546 /* Project object */ = {
			isa = PBXProject;
			attributes = {
				LastUpgradeCheck = 0910;
				ORGANIZATIONNAME = hai;
				TargetAttributes = {
					B6F9AFD01FEA40600016E546 = {
						CreatedOnToolsVersion = 9.1;
						ProvisioningStyle = Automatic;
					};
				};
			};
			buildConfigurationList = B6F9AFCC1FEA40600016E546 /* Build configuration list for PBXProject "HaiLayout" */;
			compatibilityVersion = "Xcode 8.0";
			developmentRegion = en;
			hasScannedForEncodings = 0;
			knownRegions = (
				en,
				Base,
			);
			mainGroup = B6F9AFC81FEA40600016E546;
			productRefGroup = B6F9AFD21FEA40600016E546 /* Products */;
			projectDirPath = "";
			projectRoot = "";
			targets = (
				B6F9AFD01FEA40600016E546 /* HaiLayout */,
			);
		};
/* End PBXProject section */

/* Begin PBXResourcesBuildPhase section */
		B6F9AFCF1FEA40600016E546 /* Resources */ = {
			isa = PBXResourcesBuildPhase;
			buildActionMask = 2147483647;
			files = (
				B6F9AFE11FEA40600016E546 /* LaunchScreen.storyboard in Resources */,
				B6F9AFDE1FEA40600016E546 /* Assets.xcassets in Resources */,
				B6F9AFDC1FEA40600016E546 /* Main.storyboard in Resources */,
			);
			runOnlyForDeploymentPostprocessing = 0;
		};
/* End PBXResourcesBuildPhase section */

/* Begin PBXSourcesBuildPhase section */
		B6F9AFCD1FEA40600016E546 /* Sources */ = {
			isa = PBXSourcesBuildPhase;
			buildActionMask = 2147483647;
			files = (
				B6F9AFED1FEA40820016E546 /* UIViewExt.m in Sources */,
				B6F9AFD91FEA40600016E546 /* ViewController.m in Sources */,
				B6F9AFE41FEA40600016E546 /* main.m in Sources */,
				B6F9AFD61FEA40600016E546 /* AppDelegate.m in Sources */,
			);
			runOnlyForDeploymentPostprocessing = 0;
		};
/* End PBXSourcesBuildPhase section */

/* Begin PBXVariantGroup section */
		B6F9AFDA1FEA40600016E546 /* Main.storyboard */ = {
			isa = PBXVariantGroup;
			children = (
				B6F9AFDB1FEA40600016E546 /* Base */,
			);
			name = Main.storyboard;
			sourceTree = "<group>";
		};
		B6F9AFDF1FEA40600016E546 /* LaunchScreen.storyboard */ = {
			isa = PBXVariantGroup;
			children = (
				B6F9AFE01FEA40600016E546 /* Base */,
			);
			name = LaunchScreen.storyboard;
			sourceTree = "<group>";
		};
/* End PBXVariantGroup section */

/* Begin XCBuildConfiguration section */
		B6F9AFE51FEA40600016E546 /* Debug */ = {
			isa = XCBuildConfiguration;
			buildSettings = {
				ALWAYS_SEARCH_USER_PATHS = NO;
				CLANG_ANALYZER_NONNULL = YES;
				CLANG_ANALYZER_NUMBER_OBJECT_CONVERSION = YES_AGGRESSIVE;
				CLANG_CXX_LANGUAGE_STANDARD = "gnu++14";
				CLANG_CXX_LIBRARY = "libc++";
				CLANG_ENABLE_MODULES = YES;
				CLANG_ENABLE_OBJC_ARC = YES;
				CLANG_WARN_BLOCK_CAPTURE_AUTORELEASING = YES;
				CLANG_WARN_BOOL_CONVERSION = YES;
				CLANG_WARN_COMMA = YES;
				CLANG_WARN_CONSTANT_CONVERSION = YES;
				CLANG_WARN_DIRECT_OBJC_ISA_USAGE = YES_ERROR;
				CLANG_WARN_DOCUMENTATION_COMMENTS = YES;
				CLANG_WARN_EMPTY_BODY = YES;
				CLANG_WARN_ENUM_CONVERSION = YES;
				CLANG_WARN_INFINITE_RECURSION = YES;
				CLANG_WARN_INT_CONVERSION = YES;
				CLANG_WARN_NON_LITERAL_NULL_CONVERSION = YES;
				CLANG_WARN_OBJC_LITERAL_CONVERSION = YES;
				CLANG_WARN_OBJC_ROOT_CLASS = YES_ERROR;
				CLANG_WARN_RANGE_LOOP_ANALYSIS = YES;
				CLANG_WARN_STRICT_PROTOTYPES = YES;
				CLANG_WARN_SUSPICIOUS_MOVE = YES;
				CLANG_WARN_UNGUARDED_AVAILABILITY = YES_AGGRESSIVE;
				CLANG_WARN_UNREACHABLE_CODE = YES;
				CLANG_WARN__DUPLICATE_METHOD_MATCH = YES;
				CODE_SIGN_IDENTITY = "iPhone Developer";
				COPY_PHASE_STRIP = NO;
				DEBUG_INFORMATION_FORMAT = dwarf;
				ENABLE_STRICT_OBJC_MSGSEND = YES;
				ENABLE_TESTABILITY = YES;
				GCC_C_LANGUAGE_STANDARD = gnu11;
				GCC_DYNAMIC_NO_PIC = NO;
				GCC_NO_COMMON_BLOCKS = YES;
				GCC_OPTIMIZATION_LEVEL = 0;
				GCC_PREPROCESSOR_DEFINITIONS = (
					"DEBUG=1",
					"$(inherited)",
				);
				GCC_WARN_64_TO_32_BIT_CONVERSION = YES;
				GCC_WARN_ABOUT_RETURN_TYPE = YES_ERROR;
				GCC_WARN_UNDECLARED_SELECTOR = YES;
				GCC_WARN_UNINITIALIZED_AUTOS = YES_AGGRESSIVE;
				GCC_WARN_UNUSED_FUNCTION = YES;
				GCC_WARN_UNUSED_VARIABLE = YES;
				IPHONEOS_DEPLOYMENT_TARGET = 11.1;
				MTL_ENABLE_DEBUG_INFO = YES;
				ONLY_ACTIVE_ARCH = YES;
				SDKROOT = iphoneos;
			};
			name = Debug;
		};
		B6F9AFE61FEA40600016E546 /* Release */ = {
			isa = XCBuildConfiguration;
			buildSettings = {
				ALWAYS_SEARCH_USER_PATHS = NO;
				CLANG_ANALYZER_NONNULL = YES;
				CLANG_ANALYZER_NUMBER_OBJECT_CONVERSION = YES_AGGRESSIVE;
				CLANG_CXX_LANGUAGE_STANDARD = "gnu++14";
				CLANG_CXX_LIBRARY = "libc++";
				CLANG_ENABLE_MODULES = YES;
				CLANG_ENABLE_OBJC_ARC = YES;
				CLANG_WARN_BLOCK_CAPTURE_AUTORELEASING = YES;
				CLANG_WARN_BOOL_CONVERSION = YES;
				CLANG_WARN_COMMA = YES;
				CLANG_WARN_CONSTANT_CONVERSION = YES;
				CLANG_WARN_DIRECT_OBJC_ISA_USAGE = YES_ERROR;
				CLANG_WARN_DOCUMENTATION_COMMENTS = YES;
				CLANG_WARN_EMPTY_BODY = YES;
				CLANG_WARN_ENUM_CONVERSION = YES;
				CLANG_WARN_INFINITE_RECURSION = YES;
				CLANG_WARN_INT_CONVERSION = YES;
				CLANG_WARN_NON_LITERAL_NULL_CONVERSION = YES;
				CLANG_WARN_OBJC_LITERAL_CONVERSION = YES;
				CLANG_WARN_OBJC_ROOT_CLASS = YES_ERROR;
				CLANG_WARN_RANGE_LOOP_ANALYSIS = YES;
				CLANG_WARN_STRICT_PROTOTYPES = YES;
				CLANG_WARN_SUSPICIOUS_MOVE = YES;
				CLANG_WARN_UNGUARDED_AVAILABILITY = YES_AGGRESSIVE;
				CLANG_WARN_UNREACHABLE_CODE = YES;
				CLANG_WARN__DUPLICATE_METHOD_MATCH = YES;
				CODE_SIGN_IDENTITY = "iPhone Developer";
				COPY_PHASE_STRIP = NO;
				DEBUG_INFORMATION_FORMAT = "dwarf-with-dsym";
				ENABLE_NS_ASSERTIONS = NO;
				ENABLE_STRICT_OBJC_MSGSEND = YES;
				GCC_C_LANGUAGE_STANDARD = gnu11;
				GCC_NO_COMMON_BLOCKS = YES;
				GCC_WARN_64_TO_32_BIT_CONVERSION = YES;
				GCC_WARN_ABOUT_RETURN_TYPE = YES_ERROR;
				GCC_WARN_UNDECLARED_SELECTOR = YES;
				GCC_WARN_UNINITIALIZED_AUTOS = YES_AGGRESSIVE;
				GCC_WARN_UNUSED_FUNCTION = YES;
				GCC_WARN_UNUSED_VARIABLE = YES;
				IPHONEOS_DEPLOYMENT_TARGET = 11.1;
				MTL_ENABLE_DEBUG_INFO = NO;
				SDKROOT = iphoneos;
				VALIDATE_PRODUCT = YES;
			};
			name = Release;
		};
		B6F9AFE81FEA40600016E546 /* Debug */ = {
			isa = XCBuildConfiguration;
			buildSettings = {
				ASSETCATALOG_COMPILER_APPICON_NAME = AppIcon;
				CODE_SIGN_STYLE = Automatic;
				DEVELOPMENT_TEAM = G8BZG77GPE;
				INFOPLIST_FILE = HaiLayout/Info.plist;
				LD_RUNPATH_SEARCH_PATHS = "$(inherited) @executable_path/Frameworks";
				PRODUCT_BUNDLE_IDENTIFIER = ios.HaiLayout;
				PRODUCT_NAME = "$(TARGET_NAME)";
				TARGETED_DEVICE_FAMILY = "1,2";
			};
			name = Debug;
		};
		B6F9AFE91FEA40600016E546 /* Release */ = {
			isa = XCBuildConfiguration;
			buildSettings = {
				ASSETCATALOG_COMPILER_APPICON_NAME = AppIcon;
				CODE_SIGN_STYLE = Automatic;
				DEVELOPMENT_TEAM = G8BZG77GPE;
				INFOPLIST_FILE = HaiLayout/Info.plist;
				LD_RUNPATH_SEARCH_PATHS = "$(inherited) @executable_path/Frameworks";
				PRODUCT_BUNDLE_IDENTIFIER = ios.HaiLayout;
				PRODUCT_NAME = "$(TARGET_NAME)";
				TARGETED_DEVICE_FAMILY = "1,2";
			};
			name = Release;
		};
/* End XCBuildConfiguration section */

/* Begin XCConfigurationList section */
		B6F9AFCC1FEA40600016E546 /* Build configuration list for PBXProject "HaiLayout" */ = {
			isa = XCConfigurationList;
			buildConfigurations = (
				B6F9AFE51FEA40600016E546 /* Debug */,
				B6F9AFE61FEA40600016E546 /* Release */,
			);
			defaultConfigurationIsVisible = 0;
			defaultConfigurationName = Release;
		};
		B6F9AFE71FEA40600016E546 /* Build configuration list for PBXNativeTarget "HaiLayout" */ = {
			isa = XCConfigurationList;
			buildConfigurations = (
				B6F9AFE81FEA40600016E546 /* Debug */,
				B6F9AFE91FEA40600016E546 /* Release */,
			);
			defaultConfigurationIsVisible = 0;
			defaultConfigurationName = Release;
		};
/* End XCConfigurationList section */
	};
	rootObject = B6F9AFC91FEA40600016E546 /* Project object */;
}
